
Microsoft Visual Studio Solution File, Format Version 12.00
# Visual Studio Version 17
VisualStudioVersion = 17.6.33815.320
MinimumVisualStudioVersion = 10.0.40219.1
Project("{9A19103F-16F7-4668-BE54-9A1E7A4F7556}") = "WebApplication1", "WebApplication1\WebApplication1.csproj", "{483C1C32-6BF3-4953-B4DE-B3BB3854914E}"
EndProject
Global
	GlobalSection(SolutionConfigurationPlatforms) = preSolution
		Debug|Any CPU = Debug|Any CPU
		Release|Any CPU = Release|Any CPU
	EndGlobalSection
	GlobalSection(ProjectConfigurationPlatforms) = postSolution
		{483C1C32-6BF3-4953-B4DE-B3BB3854914E}.Debug|Any CPU.ActiveCfg = Debug|Any CPU
		{483C1C32-6BF3-4953-B4DE-B3BB3854914E}.Debug|Any CPU.Build.0 = Debug|Any CPU
		{483C1C32-6BF3-4953-B4DE-B3BB3854914E}.Release|Any CPU.ActiveCfg = Release|Any CPU
		{483C1C32-6BF3-4953-B4DE-B3BB3854914E}.Release|Any CPU.Build.0 = Release|Any CPU
	EndGlobalSection
	GlobalSection(SolutionProperties) = preSolution
		HideSolutionNode = FALSE
	EndGlobalSection
	GlobalSection(ExtensibilityGlobals) = postSolution
		SolutionGuid = {4EB88D82-C5EC-41B1-A348-E4AF31B70777}
	EndGlobalSection
EndGlobal
